// !$*UTF8*$!
{
	archiveVersion = 1;
	classes = {
	};
	objectVersion = 51;
	objects = {

/* Begin PBXBuildFile section */
		492BE4DD2382761B0034FB1B /* MainProtocol.swift in Sources */ = {isa = PBXBuildFile; fileRef = 492BE4DC2382761B0034FB1B /* MainProtocol.swift */; };
		492BE4DF238276240034FB1B /* MainPresenter.swift in Sources */ = {isa = PBXBuildFile; fileRef = 492BE4DE238276240034FB1B /* MainPresenter.swift */; };
		492BE4E1238276310034FB1B /* MainInteractor.swift in Sources */ = {isa = PBXBuildFile; fileRef = 492BE4E0238276310034FB1B /* MainInteractor.swift */; };
		492BE4E32382763D0034FB1B /* MainRouter.swift in Sources */ = {isa = PBXBuildFile; fileRef = 492BE4E22382763D0034FB1B /* MainRouter.swift */; };
		492BE4E82382765B0034FB1B /* MainViewController.swift in Sources */ = {isa = PBXBuildFile; fileRef = 492BE4E72382765B0034FB1B /* MainViewController.swift */; };
		492BE4EC238284190034FB1B /* MainConfigurator.swift in Sources */ = {isa = PBXBuildFile; fileRef = 492BE4EB238284190034FB1B /* MainConfigurator.swift */; };
		492BE4ED2382890A0034FB1B /* MainViewController.xib in Resources */ = {isa = PBXBuildFile; fileRef = 492BE4E92382765F0034FB1B /* MainViewController.xib */; };
		492BE52C238293AD0034FB1B /* Gilroy-Black.ttf in Resources */ = {isa = PBXBuildFile; fileRef = 492BE4F0238293A90034FB1B /* Gilroy-Black.ttf */; };
		492BE52D238293AD0034FB1B /* Gilroy-Bold.ttf in Resources */ = {isa = PBXBuildFile; fileRef = 492BE4F1238293A90034FB1B /* Gilroy-Bold.ttf */; };
		492BE52F238293AD0034FB1B /* Gilroy-Heavy.ttf in Resources */ = {isa = PBXBuildFile; fileRef = 492BE4F3238293A90034FB1B /* Gilroy-Heavy.ttf */; };
		492BE530238293AD0034FB1B /* Gilroy-SemiBold.ttf in Resources */ = {isa = PBXBuildFile; fileRef = 492BE4F4238293A90034FB1B /* Gilroy-SemiBold.ttf */; };
		492BE531238293AD0034FB1B /* Gilroy-UltraLightItalic.ttf in Resources */ = {isa = PBXBuildFile; fileRef = 492BE4F5238293A90034FB1B /* Gilroy-UltraLightItalic.ttf */; };
		492BE534238293AD0034FB1B /* Gilroy-BlackItalic.ttf in Resources */ = {isa = PBXBuildFile; fileRef = 492BE4F8238293A90034FB1B /* Gilroy-BlackItalic.ttf */; };
		492BE536238293AD0034FB1B /* Gilroy-ThinItalic.ttf in Resources */ = {isa = PBXBuildFile; fileRef = 492BE4FA238293AA0034FB1B /* Gilroy-ThinItalic.ttf */; };
		492BE539238293AD0034FB1B /* Gilroy-LightItalic.ttf in Resources */ = {isa = PBXBuildFile; fileRef = 492BE4FD238293AA0034FB1B /* Gilroy-LightItalic.ttf */; };
		492BE53A238293AD0034FB1B /* Gilroy-Regular.ttf in Resources */ = {isa = PBXBuildFile; fileRef = 492BE4FE238293AA0034FB1B /* Gilroy-Regular.ttf */; };
		492BE53B238293AD0034FB1B /* Gilroy-ExtraBoldItalic.ttf in Resources */ = {isa = PBXBuildFile; fileRef = 492BE4FF238293AA0034FB1B /* Gilroy-ExtraBoldItalic.ttf */; };
		492BE545238293AD0034FB1B /* Gilroy-BoldItalic.ttf in Resources */ = {isa = PBXBuildFile; fileRef = 492BE509238293AA0034FB1B /* Gilroy-BoldItalic.ttf */; };
		492BE54D238293AD0034FB1B /* Gilroy-MediumItalic.ttf in Resources */ = {isa = PBXBuildFile; fileRef = 492BE511238293AB0034FB1B /* Gilroy-MediumItalic.ttf */; };
		492BE54F238293AD0034FB1B /* Gilroy-SemiBoldItalic.ttf in Resources */ = {isa = PBXBuildFile; fileRef = 492BE513238293AB0034FB1B /* Gilroy-SemiBoldItalic.ttf */; };
		492BE550238293AD0034FB1B /* Gilroy-HeavyItalic.ttf in Resources */ = {isa = PBXBuildFile; fileRef = 492BE514238293AB0034FB1B /* Gilroy-HeavyItalic.ttf */; };
		492BE552238293AD0034FB1B /* Gilroy-RegularItalic.ttf in Resources */ = {isa = PBXBuildFile; fileRef = 492BE516238293AB0034FB1B /* Gilroy-RegularItalic.ttf */; };
		492BE553238293AD0034FB1B /* Gilroy-Thin.ttf in Resources */ = {isa = PBXBuildFile; fileRef = 492BE517238293AB0034FB1B /* Gilroy-Thin.ttf */; };
		492BE554238293AD0034FB1B /* Gilroy-UltraLight.ttf in Resources */ = {isa = PBXBuildFile; fileRef = 492BE518238293AB0034FB1B /* Gilroy-UltraLight.ttf */; };
		492BE559238293AD0034FB1B /* Gilroy-ExtraBold.ttf in Resources */ = {isa = PBXBuildFile; fileRef = 492BE51D238293AC0034FB1B /* Gilroy-ExtraBold.ttf */; };
		492BE55D238293AD0034FB1B /* Gilroy-Medium.ttf in Resources */ = {isa = PBXBuildFile; fileRef = 492BE521238293AC0034FB1B /* Gilroy-Medium.ttf */; };
		492BE565238293AD0034FB1B /* Gilroy-Light.ttf in Resources */ = {isa = PBXBuildFile; fileRef = 492BE529238293AD0034FB1B /* Gilroy-Light.ttf */; };
		492BE56A238295520034FB1B /* IBDesignable UIView.swift in Sources */ = {isa = PBXBuildFile; fileRef = 492BE569238295520034FB1B /* IBDesignable UIView.swift */; };
		492BE56C2382A8CA0034FB1B /* MainViewActionCell.swift in Sources */ = {isa = PBXBuildFile; fileRef = 492BE56B2382A8CA0034FB1B /* MainViewActionCell.swift */; };
		492BE56E2382A8D70034FB1B /* MainViewActionCell.xib in Resources */ = {isa = PBXBuildFile; fileRef = 492BE56D2382A8D70034FB1B /* MainViewActionCell.xib */; };
		49357C3B2383E83A00F1B51B /* MainTabBarController.swift in Sources */ = {isa = PBXBuildFile; fileRef = 49357C3A2383E83A00F1B51B /* MainTabBarController.swift */; };
		49357C3D2383EC1400F1B51B /* UIColor.swift in Sources */ = {isa = PBXBuildFile; fileRef = 49357C3C2383EC1400F1B51B /* UIColor.swift */; };
		49357C412383ECB700F1B51B /* MapProtocols.swift in Sources */ = {isa = PBXBuildFile; fileRef = 49357C402383ECB700F1B51B /* MapProtocols.swift */; };
		49357C432383ECC000F1B51B /* MapInteractor.swift in Sources */ = {isa = PBXBuildFile; fileRef = 49357C422383ECC000F1B51B /* MapInteractor.swift */; };
		49357C452383ECC700F1B51B /* MapRouter.swift in Sources */ = {isa = PBXBuildFile; fileRef = 49357C442383ECC700F1B51B /* MapRouter.swift */; };
		49357C472383ECD300F1B51B /* MapConfigurator.swift in Sources */ = {isa = PBXBuildFile; fileRef = 49357C462383ECD300F1B51B /* MapConfigurator.swift */; };
		49357C492383ECDB00F1B51B /* MapPresenter.swift in Sources */ = {isa = PBXBuildFile; fileRef = 49357C482383ECDB00F1B51B /* MapPresenter.swift */; };
		49357C4B2383ECE700F1B51B /* MapViewController.swift in Sources */ = {isa = PBXBuildFile; fileRef = 49357C4A2383ECE700F1B51B /* MapViewController.swift */; };
		49357C4D2383ECEC00F1B51B /* MapViewController.xib in Resources */ = {isa = PBXBuildFile; fileRef = 49357C4C2383ECEC00F1B51B /* MapViewController.xib */; };
		49357C552383FEBA00F1B51B /* MapKit.framework in Frameworks */ = {isa = PBXBuildFile; fileRef = 49357C542383FEBA00F1B51B /* MapKit.framework */; };
		49367D47238FF63A00937BE6 /* WashingInfoSaleCell.swift in Sources */ = {isa = PBXBuildFile; fileRef = 49367D46238FF63A00937BE6 /* WashingInfoSaleCell.swift */; };
		49367D49238FF63F00937BE6 /* WashingInfoSaleCell.xib in Resources */ = {isa = PBXBuildFile; fileRef = 49367D48238FF63F00937BE6 /* WashingInfoSaleCell.xib */; };
		4941861323913B6A005E61BC /* ReviewView.swift in Sources */ = {isa = PBXBuildFile; fileRef = 4941861223913B6A005E61BC /* ReviewView.swift */; };
		4941861723913B8F005E61BC /* ReviewView.xib in Resources */ = {isa = PBXBuildFile; fileRef = 4941861623913B8F005E61BC /* ReviewView.xib */; };
		494186192391490B005E61BC /* ReviewTextView.swift in Sources */ = {isa = PBXBuildFile; fileRef = 494186182391490B005E61BC /* ReviewTextView.swift */; };
		4941861B23914913005E61BC /* ReviewTextView.xib in Resources */ = {isa = PBXBuildFile; fileRef = 4941861A23914913005E61BC /* ReviewTextView.xib */; };
		4955AB22238D18E7007D495A /* OnboardingCollectionViewCell.swift in Sources */ = {isa = PBXBuildFile; fileRef = 4955AB21238D18E7007D495A /* OnboardingCollectionViewCell.swift */; };
		4955AB24238D18F0007D495A /* OnboardingCollectionViewCell.xib in Resources */ = {isa = PBXBuildFile; fileRef = 4955AB23238D18F0007D495A /* OnboardingCollectionViewCell.xib */; };
		4955AB26238D2330007D495A /* OnboardingInfo.swift in Sources */ = {isa = PBXBuildFile; fileRef = 4955AB25238D2330007D495A /* OnboardingInfo.swift */; };
		4955AB29238D28BE007D495A /* OnboardingProtocols.swift in Sources */ = {isa = PBXBuildFile; fileRef = 4955AB28238D28BE007D495A /* OnboardingProtocols.swift */; };
		4955AB2B238D28CC007D495A /* OnboardingPresenter.swift in Sources */ = {isa = PBXBuildFile; fileRef = 4955AB2A238D28CC007D495A /* OnboardingPresenter.swift */; };
		4955AB2D238D28D4007D495A /* OnboardingConfigurator.swift in Sources */ = {isa = PBXBuildFile; fileRef = 4955AB2C238D28D4007D495A /* OnboardingConfigurator.swift */; };
		4955AB31238D28EE007D495A /* OnboardingRouter.swift in Sources */ = {isa = PBXBuildFile; fileRef = 4955AB30238D28EE007D495A /* OnboardingRouter.swift */; };
		4956FDCD238D42BC006D89C9 /* LoginProtocols.swift in Sources */ = {isa = PBXBuildFile; fileRef = 4956FDCC238D42BC006D89C9 /* LoginProtocols.swift */; };
		4956FDCF238D42C8006D89C9 /* LoginPresenter.swift in Sources */ = {isa = PBXBuildFile; fileRef = 4956FDCE238D42C8006D89C9 /* LoginPresenter.swift */; };
		4956FDD1238D42D5006D89C9 /* LoginConfigurator.swift in Sources */ = {isa = PBXBuildFile; fileRef = 4956FDD0238D42D5006D89C9 /* LoginConfigurator.swift */; };
		4956FDD3238D42E4006D89C9 /* LoginInteractor.swift in Sources */ = {isa = PBXBuildFile; fileRef = 4956FDD2238D42E4006D89C9 /* LoginInteractor.swift */; };
		4956FDD5238D42ED006D89C9 /* LoginRouter.swift in Sources */ = {isa = PBXBuildFile; fileRef = 4956FDD4238D42ED006D89C9 /* LoginRouter.swift */; };
		4956FDD7238D42F7006D89C9 /* LoginViewController.swift in Sources */ = {isa = PBXBuildFile; fileRef = 4956FDD6238D42F7006D89C9 /* LoginViewController.swift */; };
		4956FDD9238D42FF006D89C9 /* LoginViewController.xib in Resources */ = {isa = PBXBuildFile; fileRef = 4956FDD8238D42FF006D89C9 /* LoginViewController.xib */; };
		4956FDDB238D5C94006D89C9 /* UITextField.swift in Sources */ = {isa = PBXBuildFile; fileRef = 4956FDDA238D5C94006D89C9 /* UITextField.swift */; };
		4956FDDD238D64CB006D89C9 /* LoginViewConstants.swift in Sources */ = {isa = PBXBuildFile; fileRef = 4956FDDC238D64CB006D89C9 /* LoginViewConstants.swift */; };
		4956FDE1238E7D60006D89C9 /* PaymentPresenter.swift in Sources */ = {isa = PBXBuildFile; fileRef = 4956FDE0238E7D60006D89C9 /* PaymentPresenter.swift */; };
		4956FDE3238E7D6A006D89C9 /* PaymentProtocols.swift in Sources */ = {isa = PBXBuildFile; fileRef = 4956FDE2238E7D6A006D89C9 /* PaymentProtocols.swift */; };
		4956FDE5238E7D76006D89C9 /* PaymentInteractor.swift in Sources */ = {isa = PBXBuildFile; fileRef = 4956FDE4238E7D76006D89C9 /* PaymentInteractor.swift */; };
		4956FDE7238E7D80006D89C9 /* PaymentRouter.swift in Sources */ = {isa = PBXBuildFile; fileRef = 4956FDE6238E7D80006D89C9 /* PaymentRouter.swift */; };
		4956FDE9238E7D91006D89C9 /* PaymentConfigurator.swift in Sources */ = {isa = PBXBuildFile; fileRef = 4956FDE8238E7D91006D89C9 /* PaymentConfigurator.swift */; };
		4956FDEB238E7D9A006D89C9 /* PaymentViewController.swift in Sources */ = {isa = PBXBuildFile; fileRef = 4956FDEA238E7D9A006D89C9 /* PaymentViewController.swift */; };
		4956FDED238E7D9F006D89C9 /* PaymentViewController.xib in Resources */ = {isa = PBXBuildFile; fileRef = 4956FDEC238E7D9F006D89C9 /* PaymentViewController.xib */; };
		4956FDEF238EAFF1006D89C9 /* PaymentTableViewCell.xib in Resources */ = {isa = PBXBuildFile; fileRef = 4956FDEE238EAFF1006D89C9 /* PaymentTableViewCell.xib */; };
		4956FDF1238EAFF9006D89C9 /* PaymentTableViewCell.swift in Sources */ = {isa = PBXBuildFile; fileRef = 4956FDF0238EAFF9006D89C9 /* PaymentTableViewCell.swift */; };
		4956FDF5238EB749006D89C9 /* PaymentTypeInfo.swift in Sources */ = {isa = PBXBuildFile; fileRef = 4956FDF4238EB749006D89C9 /* PaymentTypeInfo.swift */; };
		4956FDF7238EC82F006D89C9 /* CashbackCollectionViewCell.swift in Sources */ = {isa = PBXBuildFile; fileRef = 4956FDF6238EC82F006D89C9 /* CashbackCollectionViewCell.swift */; };
		4956FDF9238EC892006D89C9 /* CashbackCollectionViewCell.xib in Resources */ = {isa = PBXBuildFile; fileRef = 4956FDF8238EC892006D89C9 /* CashbackCollectionViewCell.xib */; };
		49599B2B237EEA9000F24EC4 /* AppDelegate.swift in Sources */ = {isa = PBXBuildFile; fileRef = 49599B2A237EEA9000F24EC4 /* AppDelegate.swift */; };
		49599B2D237EEA9000F24EC4 /* SceneDelegate.swift in Sources */ = {isa = PBXBuildFile; fileRef = 49599B2C237EEA9000F24EC4 /* SceneDelegate.swift */; };
		49599B34237EEA9200F24EC4 /* Assets.xcassets in Resources */ = {isa = PBXBuildFile; fileRef = 49599B33237EEA9200F24EC4 /* Assets.xcassets */; };
		49599B37237EEA9200F24EC4 /* LaunchScreen.storyboard in Resources */ = {isa = PBXBuildFile; fileRef = 49599B35237EEA9200F24EC4 /* LaunchScreen.storyboard */; };
		49811C98238BDD280074FF92 /* MainSceneConstants.swift in Sources */ = {isa = PBXBuildFile; fileRef = 49811C97238BDD280074FF92 /* MainSceneConstants.swift */; };
		49811C9A238BEB160074FF92 /* WashingInfoView.swift in Sources */ = {isa = PBXBuildFile; fileRef = 49811C99238BEB160074FF92 /* WashingInfoView.swift */; };
		49811C9C238BEB470074FF92 /* WashingInfoView.xib in Resources */ = {isa = PBXBuildFile; fileRef = 49811C9B238BEB470074FF92 /* WashingInfoView.xib */; };
		49811C9F238C01AE0074FF92 /* SalesProtocol.swift in Sources */ = {isa = PBXBuildFile; fileRef = 49811C9E238C01AE0074FF92 /* SalesProtocol.swift */; };
		49811CA1238C01B60074FF92 /* SalesPresenter.swift in Sources */ = {isa = PBXBuildFile; fileRef = 49811CA0238C01B60074FF92 /* SalesPresenter.swift */; };
		49811CA3238C01BF0074FF92 /* SalesInteractor.swift in Sources */ = {isa = PBXBuildFile; fileRef = 49811CA2238C01BF0074FF92 /* SalesInteractor.swift */; };
		49811CA5238C01F50074FF92 /* SalesRouter.swift in Sources */ = {isa = PBXBuildFile; fileRef = 49811CA4238C01F50074FF92 /* SalesRouter.swift */; };
		49811CA7238C02020074FF92 /* SalesConfigurator.swift in Sources */ = {isa = PBXBuildFile; fileRef = 49811CA6238C02020074FF92 /* SalesConfigurator.swift */; };
		49811CAA238C02200074FF92 /* SalesViewController.swift in Sources */ = {isa = PBXBuildFile; fileRef = 49811CA9238C02200074FF92 /* SalesViewController.swift */; };
		49811CAC238C022D0074FF92 /* SalesViewController.xib in Resources */ = {isa = PBXBuildFile; fileRef = 49811CAB238C022D0074FF92 /* SalesViewController.xib */; };
		49811CAE238C02800074FF92 /* UIViewController.swift in Sources */ = {isa = PBXBuildFile; fileRef = 49811CAD238C02800074FF92 /* UIViewController.swift */; };
		49811CB0238C07880074FF92 /* SalesCollectionViewCell.swift in Sources */ = {isa = PBXBuildFile; fileRef = 49811CAF238C07880074FF92 /* SalesCollectionViewCell.swift */; };
		49811CB2238C07980074FF92 /* SalesCollectionViewCell.xib in Resources */ = {isa = PBXBuildFile; fileRef = 49811CB1238C07980074FF92 /* SalesCollectionViewCell.xib */; };
		49811CB4238C0A550074FF92 /* UIView.swift in Sources */ = {isa = PBXBuildFile; fileRef = 49811CB3238C0A550074FF92 /* UIView.swift */; };
		49811CB6238C0B950074FF92 /* SalesViewConstants.swift in Sources */ = {isa = PBXBuildFile; fileRef = 49811CB5238C0B950074FF92 /* SalesViewConstants.swift */; };
		49811CBA238C0E670074FF92 /* SaleInfoViewController.swift in Sources */ = {isa = PBXBuildFile; fileRef = 49811CB9238C0E670074FF92 /* SaleInfoViewController.swift */; };
		49811CBC238C0E6E0074FF92 /* SaleInfoViewController.xib in Resources */ = {isa = PBXBuildFile; fileRef = 49811CBB238C0E6E0074FF92 /* SaleInfoViewController.xib */; };
		49811CC2238C11590074FF92 /* SaleInfoPresenter.swift in Sources */ = {isa = PBXBuildFile; fileRef = 49811CBD238C11590074FF92 /* SaleInfoPresenter.swift */; };
		49811CC3238C11590074FF92 /* SaleInfoInteractor.swift in Sources */ = {isa = PBXBuildFile; fileRef = 49811CBE238C11590074FF92 /* SaleInfoInteractor.swift */; };
		49811CC4238C11590074FF92 /* SaleInfoConfigurator.swift in Sources */ = {isa = PBXBuildFile; fileRef = 49811CBF238C11590074FF92 /* SaleInfoConfigurator.swift */; };
		49811CC5238C11590074FF92 /* SaleInfoProtocol.swift in Sources */ = {isa = PBXBuildFile; fileRef = 49811CC0238C11590074FF92 /* SaleInfoProtocol.swift */; };
		49811CC6238C11590074FF92 /* SaleInfoRouter.swift in Sources */ = {isa = PBXBuildFile; fileRef = 49811CC1238C11590074FF92 /* SaleInfoRouter.swift */; };
		49811CC9238C1BFE0074FF92 /* NavigationBarConfigurationProtocol.swift in Sources */ = {isa = PBXBuildFile; fileRef = 49811CC8238C1BFE0074FF92 /* NavigationBarConfigurationProtocol.swift */; };
		49811CCC238C20510074FF92 /* OnboardingViewController.xib in Resources */ = {isa = PBXBuildFile; fileRef = 49811CCB238C20510074FF92 /* OnboardingViewController.xib */; };
		49811CCE238C205A0074FF92 /* OnboardingViewController.swift in Sources */ = {isa = PBXBuildFile; fileRef = 49811CCD238C205A0074FF92 /* OnboardingViewController.swift */; };
		49811CD0238C2CF70074FF92 /* OnboardingConstants.swift in Sources */ = {isa = PBXBuildFile; fileRef = 49811CCF238C2CF70074FF92 /* OnboardingConstants.swift */; };
		498888C823958EBD00F164D6 /* String.swift in Sources */ = {isa = PBXBuildFile; fileRef = 498888C723958EBD00F164D6 /* String.swift */; };
		4D436E25F5F10A1A4153B167 /* Pods_carWash.framework in Frameworks */ = {isa = PBXBuildFile; fileRef = AEF31C689214847541284B53 /* Pods_carWash.framework */; };
/* End PBXBuildFile section */

/* Begin PBXBuildRule section */
		49357C522383FEAA00F1B51B /* PBXBuildRule */ = {
			isa = PBXBuildRule;
			compilerSpec = com.apple.compilers.proxy.script;
			fileType = pattern.proxy;
			inputFiles = (
			);
			isEditable = 1;
			outputFiles = (
			);
			script = "# Type a script or drag a script file from your workspace to insert its path.\n";
		};
/* End PBXBuildRule section */

/* Begin PBXFileReference section */
		2A3D3BA9BC7819306987819A /* Pods-carWash.debug.xcconfig */ = {isa = PBXFileReference; includeInIndex = 1; lastKnownFileType = text.xcconfig; name = "Pods-carWash.debug.xcconfig"; path = "Target Support Files/Pods-carWash/Pods-carWash.debug.xcconfig"; sourceTree = "<group>"; };
		492BE4DC2382761B0034FB1B /* MainProtocol.swift */ = {isa = PBXFileReference; lastKnownFileType = sourcecode.swift; path = MainProtocol.swift; sourceTree = "<group>"; };
		492BE4DE238276240034FB1B /* MainPresenter.swift */ = {isa = PBXFileReference; lastKnownFileType = sourcecode.swift; path = MainPresenter.swift; sourceTree = "<group>"; };
		492BE4E0238276310034FB1B /* MainInteractor.swift */ = {isa = PBXFileReference; lastKnownFileType = sourcecode.swift; path = MainInteractor.swift; sourceTree = "<group>"; };
		492BE4E22382763D0034FB1B /* MainRouter.swift */ = {isa = PBXFileReference; lastKnownFileType = sourcecode.swift; path = MainRouter.swift; sourceTree = "<group>"; };
		492BE4E72382765B0034FB1B /* MainViewController.swift */ = {isa = PBXFileReference; lastKnownFileType = sourcecode.swift; path = MainViewController.swift; sourceTree = "<group>"; };
		492BE4E92382765F0034FB1B /* MainViewController.xib */ = {isa = PBXFileReference; lastKnownFileType = file.xib; path = MainViewController.xib; sourceTree = "<group>"; };
		492BE4EB238284190034FB1B /* MainConfigurator.swift */ = {isa = PBXFileReference; lastKnownFileType = sourcecode.swift; path = MainConfigurator.swift; sourceTree = "<group>"; };
		492BE4F0238293A90034FB1B /* Gilroy-Black.ttf */ = {isa = PBXFileReference; lastKnownFileType = file; path = "Gilroy-Black.ttf"; sourceTree = "<group>"; };
		492BE4F1238293A90034FB1B /* Gilroy-Bold.ttf */ = {isa = PBXFileReference; lastKnownFileType = file; path = "Gilroy-Bold.ttf"; sourceTree = "<group>"; };
		492BE4F3238293A90034FB1B /* Gilroy-Heavy.ttf */ = {isa = PBXFileReference; lastKnownFileType = file; path = "Gilroy-Heavy.ttf"; sourceTree = "<group>"; };
		492BE4F4238293A90034FB1B /* Gilroy-SemiBold.ttf */ = {isa = PBXFileReference; lastKnownFileType = file; path = "Gilroy-SemiBold.ttf"; sourceTree = "<group>"; };
		492BE4F5238293A90034FB1B /* Gilroy-UltraLightItalic.ttf */ = {isa = PBXFileReference; lastKnownFileType = file; path = "Gilroy-UltraLightItalic.ttf"; sourceTree = "<group>"; };
		492BE4F8238293A90034FB1B /* Gilroy-BlackItalic.ttf */ = {isa = PBXFileReference; lastKnownFileType = file; path = "Gilroy-BlackItalic.ttf"; sourceTree = "<group>"; };
		492BE4FA238293AA0034FB1B /* Gilroy-ThinItalic.ttf */ = {isa = PBXFileReference; lastKnownFileType = file; path = "Gilroy-ThinItalic.ttf"; sourceTree = "<group>"; };
		492BE4FD238293AA0034FB1B /* Gilroy-LightItalic.ttf */ = {isa = PBXFileReference; lastKnownFileType = file; path = "Gilroy-LightItalic.ttf"; sourceTree = "<group>"; };
		492BE4FE238293AA0034FB1B /* Gilroy-Regular.ttf */ = {isa = PBXFileReference; lastKnownFileType = file; path = "Gilroy-Regular.ttf"; sourceTree = "<group>"; };
		492BE4FF238293AA0034FB1B /* Gilroy-ExtraBoldItalic.ttf */ = {isa = PBXFileReference; lastKnownFileType = file; path = "Gilroy-ExtraBoldItalic.ttf"; sourceTree = "<group>"; };
		492BE509238293AA0034FB1B /* Gilroy-BoldItalic.ttf */ = {isa = PBXFileReference; lastKnownFileType = file; path = "Gilroy-BoldItalic.ttf"; sourceTree = "<group>"; };
		492BE511238293AB0034FB1B /* Gilroy-MediumItalic.ttf */ = {isa = PBXFileReference; lastKnownFileType = file; path = "Gilroy-MediumItalic.ttf"; sourceTree = "<group>"; };
		492BE513238293AB0034FB1B /* Gilroy-SemiBoldItalic.ttf */ = {isa = PBXFileReference; lastKnownFileType = file; path = "Gilroy-SemiBoldItalic.ttf"; sourceTree = "<group>"; };
		492BE514238293AB0034FB1B /* Gilroy-HeavyItalic.ttf */ = {isa = PBXFileReference; lastKnownFileType = file; path = "Gilroy-HeavyItalic.ttf"; sourceTree = "<group>"; };
		492BE516238293AB0034FB1B /* Gilroy-RegularItalic.ttf */ = {isa = PBXFileReference; lastKnownFileType = file; path = "Gilroy-RegularItalic.ttf"; sourceTree = "<group>"; };
		492BE517238293AB0034FB1B /* Gilroy-Thin.ttf */ = {isa = PBXFileReference; lastKnownFileType = file; path = "Gilroy-Thin.ttf"; sourceTree = "<group>"; };
		492BE518238293AB0034FB1B /* Gilroy-UltraLight.ttf */ = {isa = PBXFileReference; lastKnownFileType = file; path = "Gilroy-UltraLight.ttf"; sourceTree = "<group>"; };
		492BE51D238293AC0034FB1B /* Gilroy-ExtraBold.ttf */ = {isa = PBXFileReference; lastKnownFileType = file; path = "Gilroy-ExtraBold.ttf"; sourceTree = "<group>"; };
		492BE521238293AC0034FB1B /* Gilroy-Medium.ttf */ = {isa = PBXFileReference; lastKnownFileType = file; path = "Gilroy-Medium.ttf"; sourceTree = "<group>"; };
		492BE529238293AD0034FB1B /* Gilroy-Light.ttf */ = {isa = PBXFileReference; lastKnownFileType = file; path = "Gilroy-Light.ttf"; sourceTree = "<group>"; };
		492BE569238295520034FB1B /* IBDesignable UIView.swift */ = {isa = PBXFileReference; lastKnownFileType = sourcecode.swift; path = "IBDesignable UIView.swift"; sourceTree = "<group>"; };
		492BE56B2382A8CA0034FB1B /* MainViewActionCell.swift */ = {isa = PBXFileReference; lastKnownFileType = sourcecode.swift; path = MainViewActionCell.swift; sourceTree = "<group>"; };
		492BE56D2382A8D70034FB1B /* MainViewActionCell.xib */ = {isa = PBXFileReference; lastKnownFileType = file.xib; path = MainViewActionCell.xib; sourceTree = "<group>"; };
		49357C3A2383E83A00F1B51B /* MainTabBarController.swift */ = {isa = PBXFileReference; lastKnownFileType = sourcecode.swift; path = MainTabBarController.swift; sourceTree = "<group>"; };
		49357C3C2383EC1400F1B51B /* UIColor.swift */ = {isa = PBXFileReference; lastKnownFileType = sourcecode.swift; path = UIColor.swift; sourceTree = "<group>"; };
		49357C402383ECB700F1B51B /* MapProtocols.swift */ = {isa = PBXFileReference; lastKnownFileType = sourcecode.swift; path = MapProtocols.swift; sourceTree = "<group>"; };
		49357C422383ECC000F1B51B /* MapInteractor.swift */ = {isa = PBXFileReference; lastKnownFileType = sourcecode.swift; path = MapInteractor.swift; sourceTree = "<group>"; };
		49357C442383ECC700F1B51B /* MapRouter.swift */ = {isa = PBXFileReference; lastKnownFileType = sourcecode.swift; path = MapRouter.swift; sourceTree = "<group>"; };
		49357C462383ECD300F1B51B /* MapConfigurator.swift */ = {isa = PBXFileReference; lastKnownFileType = sourcecode.swift; path = MapConfigurator.swift; sourceTree = "<group>"; };
		49357C482383ECDB00F1B51B /* MapPresenter.swift */ = {isa = PBXFileReference; lastKnownFileType = sourcecode.swift; path = MapPresenter.swift; sourceTree = "<group>"; };
		49357C4A2383ECE700F1B51B /* MapViewController.swift */ = {isa = PBXFileReference; lastKnownFileType = sourcecode.swift; path = MapViewController.swift; sourceTree = "<group>"; };
		49357C4C2383ECEC00F1B51B /* MapViewController.xib */ = {isa = PBXFileReference; lastKnownFileType = file.xib; path = MapViewController.xib; sourceTree = "<group>"; };
		49357C542383FEBA00F1B51B /* MapKit.framework */ = {isa = PBXFileReference; lastKnownFileType = wrapper.framework; name = MapKit.framework; path = System/Library/Frameworks/MapKit.framework; sourceTree = SDKROOT; };
		49367D46238FF63A00937BE6 /* WashingInfoSaleCell.swift */ = {isa = PBXFileReference; lastKnownFileType = sourcecode.swift; path = WashingInfoSaleCell.swift; sourceTree = "<group>"; };
		49367D48238FF63F00937BE6 /* WashingInfoSaleCell.xib */ = {isa = PBXFileReference; lastKnownFileType = file.xib; path = WashingInfoSaleCell.xib; sourceTree = "<group>"; };
		4941861223913B6A005E61BC /* ReviewView.swift */ = {isa = PBXFileReference; lastKnownFileType = sourcecode.swift; path = ReviewView.swift; sourceTree = "<group>"; };
		4941861623913B8F005E61BC /* ReviewView.xib */ = {isa = PBXFileReference; lastKnownFileType = file.xib; path = ReviewView.xib; sourceTree = "<group>"; };
		494186182391490B005E61BC /* ReviewTextView.swift */ = {isa = PBXFileReference; lastKnownFileType = sourcecode.swift; path = ReviewTextView.swift; sourceTree = "<group>"; };
		4941861A23914913005E61BC /* ReviewTextView.xib */ = {isa = PBXFileReference; lastKnownFileType = file.xib; path = ReviewTextView.xib; sourceTree = "<group>"; };
		4955AB21238D18E7007D495A /* OnboardingCollectionViewCell.swift */ = {isa = PBXFileReference; lastKnownFileType = sourcecode.swift; path = OnboardingCollectionViewCell.swift; sourceTree = "<group>"; };
		4955AB23238D18F0007D495A /* OnboardingCollectionViewCell.xib */ = {isa = PBXFileReference; lastKnownFileType = file.xib; path = OnboardingCollectionViewCell.xib; sourceTree = "<group>"; };
		4955AB25238D2330007D495A /* OnboardingInfo.swift */ = {isa = PBXFileReference; lastKnownFileType = sourcecode.swift; path = OnboardingInfo.swift; sourceTree = "<group>"; };
		4955AB28238D28BE007D495A /* OnboardingProtocols.swift */ = {isa = PBXFileReference; lastKnownFileType = sourcecode.swift; path = OnboardingProtocols.swift; sourceTree = "<group>"; };
		4955AB2A238D28CC007D495A /* OnboardingPresenter.swift */ = {isa = PBXFileReference; lastKnownFileType = sourcecode.swift; path = OnboardingPresenter.swift; sourceTree = "<group>"; };
		4955AB2C238D28D4007D495A /* OnboardingConfigurator.swift */ = {isa = PBXFileReference; lastKnownFileType = sourcecode.swift; path = OnboardingConfigurator.swift; sourceTree = "<group>"; };
		4955AB30238D28EE007D495A /* OnboardingRouter.swift */ = {isa = PBXFileReference; lastKnownFileType = sourcecode.swift; path = OnboardingRouter.swift; sourceTree = "<group>"; };
		4956FDCC238D42BC006D89C9 /* LoginProtocols.swift */ = {isa = PBXFileReference; lastKnownFileType = sourcecode.swift; path = LoginProtocols.swift; sourceTree = "<group>"; };
		4956FDCE238D42C8006D89C9 /* LoginPresenter.swift */ = {isa = PBXFileReference; lastKnownFileType = sourcecode.swift; path = LoginPresenter.swift; sourceTree = "<group>"; };
		4956FDD0238D42D5006D89C9 /* LoginConfigurator.swift */ = {isa = PBXFileReference; lastKnownFileType = sourcecode.swift; path = LoginConfigurator.swift; sourceTree = "<group>"; };
		4956FDD2238D42E4006D89C9 /* LoginInteractor.swift */ = {isa = PBXFileReference; lastKnownFileType = sourcecode.swift; path = LoginInteractor.swift; sourceTree = "<group>"; };
		4956FDD4238D42ED006D89C9 /* LoginRouter.swift */ = {isa = PBXFileReference; lastKnownFileType = sourcecode.swift; path = LoginRouter.swift; sourceTree = "<group>"; };
		4956FDD6238D42F7006D89C9 /* LoginViewController.swift */ = {isa = PBXFileReference; lastKnownFileType = sourcecode.swift; path = LoginViewController.swift; sourceTree = "<group>"; };
		4956FDD8238D42FF006D89C9 /* LoginViewController.xib */ = {isa = PBXFileReference; lastKnownFileType = file.xib; path = LoginViewController.xib; sourceTree = "<group>"; };
		4956FDDA238D5C94006D89C9 /* UITextField.swift */ = {isa = PBXFileReference; lastKnownFileType = sourcecode.swift; path = UITextField.swift; sourceTree = "<group>"; };
		4956FDDC238D64CB006D89C9 /* LoginViewConstants.swift */ = {isa = PBXFileReference; lastKnownFileType = sourcecode.swift; path = LoginViewConstants.swift; sourceTree = "<group>"; };
		4956FDE0238E7D60006D89C9 /* PaymentPresenter.swift */ = {isa = PBXFileReference; lastKnownFileType = sourcecode.swift; path = PaymentPresenter.swift; sourceTree = "<group>"; };
		4956FDE2238E7D6A006D89C9 /* PaymentProtocols.swift */ = {isa = PBXFileReference; lastKnownFileType = sourcecode.swift; path = PaymentProtocols.swift; sourceTree = "<group>"; };
		4956FDE4238E7D76006D89C9 /* PaymentInteractor.swift */ = {isa = PBXFileReference; lastKnownFileType = sourcecode.swift; path = PaymentInteractor.swift; sourceTree = "<group>"; };
		4956FDE6238E7D80006D89C9 /* PaymentRouter.swift */ = {isa = PBXFileReference; lastKnownFileType = sourcecode.swift; path = PaymentRouter.swift; sourceTree = "<group>"; };
		4956FDE8238E7D91006D89C9 /* PaymentConfigurator.swift */ = {isa = PBXFileReference; lastKnownFileType = sourcecode.swift; path = PaymentConfigurator.swift; sourceTree = "<group>"; };
		4956FDEA238E7D9A006D89C9 /* PaymentViewController.swift */ = {isa = PBXFileReference; lastKnownFileType = sourcecode.swift; path = PaymentViewController.swift; sourceTree = "<group>"; };
		4956FDEC238E7D9F006D89C9 /* PaymentViewController.xib */ = {isa = PBXFileReference; lastKnownFileType = file.xib; path = PaymentViewController.xib; sourceTree = "<group>"; };
		4956FDEE238EAFF1006D89C9 /* PaymentTableViewCell.xib */ = {isa = PBXFileReference; lastKnownFileType = file.xib; path = PaymentTableViewCell.xib; sourceTree = "<group>"; };
		4956FDF0238EAFF9006D89C9 /* PaymentTableViewCell.swift */ = {isa = PBXFileReference; lastKnownFileType = sourcecode.swift; path = PaymentTableViewCell.swift; sourceTree = "<group>"; };
		4956FDF4238EB749006D89C9 /* PaymentTypeInfo.swift */ = {isa = PBXFileReference; lastKnownFileType = sourcecode.swift; path = PaymentTypeInfo.swift; sourceTree = "<group>"; };
		4956FDF6238EC82F006D89C9 /* CashbackCollectionViewCell.swift */ = {isa = PBXFileReference; lastKnownFileType = sourcecode.swift; path = CashbackCollectionViewCell.swift; sourceTree = "<group>"; };
		4956FDF8238EC892006D89C9 /* CashbackCollectionViewCell.xib */ = {isa = PBXFileReference; lastKnownFileType = file.xib; path = CashbackCollectionViewCell.xib; sourceTree = "<group>"; };
		49599B27237EEA9000F24EC4 /* carWash.app */ = {isa = PBXFileReference; explicitFileType = wrapper.application; includeInIndex = 0; path = carWash.app; sourceTree = BUILT_PRODUCTS_DIR; };
		49599B2A237EEA9000F24EC4 /* AppDelegate.swift */ = {isa = PBXFileReference; lastKnownFileType = sourcecode.swift; path = AppDelegate.swift; sourceTree = "<group>"; };
		49599B2C237EEA9000F24EC4 /* SceneDelegate.swift */ = {isa = PBXFileReference; lastKnownFileType = sourcecode.swift; path = SceneDelegate.swift; sourceTree = "<group>"; };
		49599B33237EEA9200F24EC4 /* Assets.xcassets */ = {isa = PBXFileReference; lastKnownFileType = folder.assetcatalog; path = Assets.xcassets; sourceTree = "<group>"; };
		49599B36237EEA9200F24EC4 /* Base */ = {isa = PBXFileReference; lastKnownFileType = file.storyboard; name = Base; path = Base.lproj/LaunchScreen.storyboard; sourceTree = "<group>"; };
		49599B38237EEA9200F24EC4 /* Info.plist */ = {isa = PBXFileReference; lastKnownFileType = text.plist.xml; path = Info.plist; sourceTree = "<group>"; };
		49811C97238BDD280074FF92 /* MainSceneConstants.swift */ = {isa = PBXFileReference; lastKnownFileType = sourcecode.swift; path = MainSceneConstants.swift; sourceTree = "<group>"; };
		49811C99238BEB160074FF92 /* WashingInfoView.swift */ = {isa = PBXFileReference; lastKnownFileType = sourcecode.swift; path = WashingInfoView.swift; sourceTree = "<group>"; };
		49811C9B238BEB470074FF92 /* WashingInfoView.xib */ = {isa = PBXFileReference; lastKnownFileType = file.xib; path = WashingInfoView.xib; sourceTree = "<group>"; };
		49811C9E238C01AE0074FF92 /* SalesProtocol.swift */ = {isa = PBXFileReference; lastKnownFileType = sourcecode.swift; path = SalesProtocol.swift; sourceTree = "<group>"; };
		49811CA0238C01B60074FF92 /* SalesPresenter.swift */ = {isa = PBXFileReference; lastKnownFileType = sourcecode.swift; path = SalesPresenter.swift; sourceTree = "<group>"; };
		49811CA2238C01BF0074FF92 /* SalesInteractor.swift */ = {isa = PBXFileReference; lastKnownFileType = sourcecode.swift; path = SalesInteractor.swift; sourceTree = "<group>"; };
		49811CA4238C01F50074FF92 /* SalesRouter.swift */ = {isa = PBXFileReference; lastKnownFileType = sourcecode.swift; path = SalesRouter.swift; sourceTree = "<group>"; };
		49811CA6238C02020074FF92 /* SalesConfigurator.swift */ = {isa = PBXFileReference; lastKnownFileType = sourcecode.swift; path = SalesConfigurator.swift; sourceTree = "<group>"; };
		49811CA9238C02200074FF92 /* SalesViewController.swift */ = {isa = PBXFileReference; lastKnownFileType = sourcecode.swift; path = SalesViewController.swift; sourceTree = "<group>"; };
		49811CAB238C022D0074FF92 /* SalesViewController.xib */ = {isa = PBXFileReference; lastKnownFileType = file.xib; path = SalesViewController.xib; sourceTree = "<group>"; };
		49811CAD238C02800074FF92 /* UIViewController.swift */ = {isa = PBXFileReference; lastKnownFileType = sourcecode.swift; path = UIViewController.swift; sourceTree = "<group>"; };
		49811CAF238C07880074FF92 /* SalesCollectionViewCell.swift */ = {isa = PBXFileReference; lastKnownFileType = sourcecode.swift; path = SalesCollectionViewCell.swift; sourceTree = "<group>"; };
		49811CB1238C07980074FF92 /* SalesCollectionViewCell.xib */ = {isa = PBXFileReference; lastKnownFileType = file.xib; path = SalesCollectionViewCell.xib; sourceTree = "<group>"; };
		49811CB3238C0A550074FF92 /* UIView.swift */ = {isa = PBXFileReference; lastKnownFileType = sourcecode.swift; path = UIView.swift; sourceTree = "<group>"; };
		49811CB5238C0B950074FF92 /* SalesViewConstants.swift */ = {isa = PBXFileReference; lastKnownFileType = sourcecode.swift; path = SalesViewConstants.swift; sourceTree = "<group>"; };
		49811CB9238C0E670074FF92 /* SaleInfoViewController.swift */ = {isa = PBXFileReference; lastKnownFileType = sourcecode.swift; path = SaleInfoViewController.swift; sourceTree = "<group>"; };
		49811CBB238C0E6E0074FF92 /* SaleInfoViewController.xib */ = {isa = PBXFileReference; lastKnownFileType = file.xib; path = SaleInfoViewController.xib; sourceTree = "<group>"; };
		49811CBD238C11590074FF92 /* SaleInfoPresenter.swift */ = {isa = PBXFileReference; fileEncoding = 4; lastKnownFileType = sourcecode.swift; path = SaleInfoPresenter.swift; sourceTree = "<group>"; };
		49811CBE238C11590074FF92 /* SaleInfoInteractor.swift */ = {isa = PBXFileReference; fileEncoding = 4; lastKnownFileType = sourcecode.swift; path = SaleInfoInteractor.swift; sourceTree = "<group>"; };
		49811CBF238C11590074FF92 /* SaleInfoConfigurator.swift */ = {isa = PBXFileReference; fileEncoding = 4; lastKnownFileType = sourcecode.swift; path = SaleInfoConfigurator.swift; sourceTree = "<group>"; };
		49811CC0238C11590074FF92 /* SaleInfoProtocol.swift */ = {isa = PBXFileReference; fileEncoding = 4; lastKnownFileType = sourcecode.swift; path = SaleInfoProtocol.swift; sourceTree = "<group>"; };
		49811CC1238C11590074FF92 /* SaleInfoRouter.swift */ = {isa = PBXFileReference; fileEncoding = 4; lastKnownFileType = sourcecode.swift; path = SaleInfoRouter.swift; sourceTree = "<group>"; };
		49811CC8238C1BFE0074FF92 /* NavigationBarConfigurationProtocol.swift */ = {isa = PBXFileReference; lastKnownFileType = sourcecode.swift; path = NavigationBarConfigurationProtocol.swift; sourceTree = "<group>"; };
		49811CCB238C20510074FF92 /* OnboardingViewController.xib */ = {isa = PBXFileReference; lastKnownFileType = file.xib; path = OnboardingViewController.xib; sourceTree = "<group>"; };
		49811CCD238C205A0074FF92 /* OnboardingViewController.swift */ = {isa = PBXFileReference; lastKnownFileType = sourcecode.swift; path = OnboardingViewController.swift; sourceTree = "<group>"; };
		49811CCF238C2CF70074FF92 /* OnboardingConstants.swift */ = {isa = PBXFileReference; lastKnownFileType = sourcecode.swift; path = OnboardingConstants.swift; sourceTree = "<group>"; };
		498888C723958EBD00F164D6 /* String.swift */ = {isa = PBXFileReference; lastKnownFileType = sourcecode.swift; path = String.swift; sourceTree = "<group>"; };
		9252CA2FFB411EFE7EBB0947 /* Pods-carWash.release.xcconfig */ = {isa = PBXFileReference; includeInIndex = 1; lastKnownFileType = text.xcconfig; name = "Pods-carWash.release.xcconfig"; path = "Target Support Files/Pods-carWash/Pods-carWash.release.xcconfig"; sourceTree = "<group>"; };
		AEF31C689214847541284B53 /* Pods_carWash.framework */ = {isa = PBXFileReference; explicitFileType = wrapper.framework; includeInIndex = 0; path = Pods_carWash.framework; sourceTree = BUILT_PRODUCTS_DIR; };
/* End PBXFileReference section */

/* Begin PBXFrameworksBuildPhase section */
		49599B24237EEA9000F24EC4 /* Frameworks */ = {
			isa = PBXFrameworksBuildPhase;
			buildActionMask = 2147483647;
			files = (
				49357C552383FEBA00F1B51B /* MapKit.framework in Frameworks */,
				4D436E25F5F10A1A4153B167 /* Pods_carWash.framework in Frameworks */,
			);
			runOnlyForDeploymentPostprocessing = 0;
		};
/* End PBXFrameworksBuildPhase section */

/* Begin PBXGroup section */
		492BE4DA238274D30034FB1B /* Scenes */ = {
			isa = PBXGroup;
			children = (
				4941861423913B70005E61BC /* Review */,
				49811CCA238C20440074FF92 /* Onboarding */,
				4956FDCA238D42A1006D89C9 /* Login */,
				492BE4DB238274F90034FB1B /* Main */,
				4956FDDE238E7D29006D89C9 /* Payment */,
				49811CB7238C0E4C0074FF92 /* SaleInfo */,
				49811C9D238C01630074FF92 /* Sales */,
				49357C3E2383ECA300F1B51B /* Map */,
			);
			path = Scenes;
			sourceTree = "<group>";
		};
		492BE4DB238274F90034FB1B /* Main */ = {
			isa = PBXGroup;
			children = (
				492BE4E62382764E0034FB1B /* VIews */,
				492BE4DC2382761B0034FB1B /* MainProtocol.swift */,
				492BE4DE238276240034FB1B /* MainPresenter.swift */,
				492BE4E0238276310034FB1B /* MainInteractor.swift */,
				492BE4E22382763D0034FB1B /* MainRouter.swift */,
				492BE4EB238284190034FB1B /* MainConfigurator.swift */,
			);
			path = Main;
			sourceTree = "<group>";
		};
		492BE4E62382764E0034FB1B /* VIews */ = {
			isa = PBXGroup;
			children = (
				492BE4E72382765B0034FB1B /* MainViewController.swift */,
				492BE4E92382765F0034FB1B /* MainViewController.xib */,
				492BE56B2382A8CA0034FB1B /* MainViewActionCell.swift */,
				492BE56D2382A8D70034FB1B /* MainViewActionCell.xib */,
				49811C97238BDD280074FF92 /* MainSceneConstants.swift */,
				4956FDF6238EC82F006D89C9 /* CashbackCollectionViewCell.swift */,
				4956FDF8238EC892006D89C9 /* CashbackCollectionViewCell.xib */,
			);
			path = VIews;
			sourceTree = "<group>";
		};
		492BE4EE2382939B0034FB1B /* Fonts */ = {
			isa = PBXGroup;
			children = (
				492BE4F8238293A90034FB1B /* Gilroy-BlackItalic.ttf */,
				492BE4F0238293A90034FB1B /* Gilroy-Black.ttf */,
				492BE4F1238293A90034FB1B /* Gilroy-Bold.ttf */,
				492BE509238293AA0034FB1B /* Gilroy-BoldItalic.ttf */,
				492BE51D238293AC0034FB1B /* Gilroy-ExtraBold.ttf */,
				492BE4FF238293AA0034FB1B /* Gilroy-ExtraBoldItalic.ttf */,
				492BE4F3238293A90034FB1B /* Gilroy-Heavy.ttf */,
				492BE514238293AB0034FB1B /* Gilroy-HeavyItalic.ttf */,
				492BE529238293AD0034FB1B /* Gilroy-Light.ttf */,
				492BE4FD238293AA0034FB1B /* Gilroy-LightItalic.ttf */,
				492BE521238293AC0034FB1B /* Gilroy-Medium.ttf */,
				492BE511238293AB0034FB1B /* Gilroy-MediumItalic.ttf */,
				492BE4FE238293AA0034FB1B /* Gilroy-Regular.ttf */,
				492BE516238293AB0034FB1B /* Gilroy-RegularItalic.ttf */,
				492BE4F4238293A90034FB1B /* Gilroy-SemiBold.ttf */,
				492BE513238293AB0034FB1B /* Gilroy-SemiBoldItalic.ttf */,
				492BE517238293AB0034FB1B /* Gilroy-Thin.ttf */,
				492BE4FA238293AA0034FB1B /* Gilroy-ThinItalic.ttf */,
				492BE518238293AB0034FB1B /* Gilroy-UltraLight.ttf */,
				492BE4F5238293A90034FB1B /* Gilroy-UltraLightItalic.ttf */,
			);
			path = Fonts;
			sourceTree = "<group>";
		};
		492BE567238295310034FB1B /* Utils */ = {
			isa = PBXGroup;
			children = (
				49811CC7238C1BED0074FF92 /* NavigationBar */,
				492BE5682382953F0034FB1B /* Extensions */,
				492BE4EE2382939B0034FB1B /* Fonts */,
				49357C3A2383E83A00F1B51B /* MainTabBarController.swift */,
			);
			path = Utils;
			sourceTree = "<group>";
		};
		492BE5682382953F0034FB1B /* Extensions */ = {
			isa = PBXGroup;
			children = (
				492BE569238295520034FB1B /* IBDesignable UIView.swift */,
				49357C3C2383EC1400F1B51B /* UIColor.swift */,
				49811CAD238C02800074FF92 /* UIViewController.swift */,
				49811CB3238C0A550074FF92 /* UIView.swift */,
				4956FDDA238D5C94006D89C9 /* UITextField.swift */,
				498888C723958EBD00F164D6 /* String.swift */,
			);
			path = Extensions;
			sourceTree = "<group>";
		};
		49357C3E2383ECA300F1B51B /* Map */ = {
			isa = PBXGroup;
			children = (
				49357C3F2383ECAA00F1B51B /* Views */,
				49357C402383ECB700F1B51B /* MapProtocols.swift */,
				49357C422383ECC000F1B51B /* MapInteractor.swift */,
				49357C442383ECC700F1B51B /* MapRouter.swift */,
				49357C462383ECD300F1B51B /* MapConfigurator.swift */,
				49357C482383ECDB00F1B51B /* MapPresenter.swift */,
			);
			path = Map;
			sourceTree = "<group>";
		};
		49357C3F2383ECAA00F1B51B /* Views */ = {
			isa = PBXGroup;
			children = (
				49357C4A2383ECE700F1B51B /* MapViewController.swift */,
				49357C4C2383ECEC00F1B51B /* MapViewController.xib */,
				49811C99238BEB160074FF92 /* WashingInfoView.swift */,
				49811C9B238BEB470074FF92 /* WashingInfoView.xib */,
				49367D46238FF63A00937BE6 /* WashingInfoSaleCell.swift */,
				49367D48238FF63F00937BE6 /* WashingInfoSaleCell.xib */,
			);
			path = Views;
			sourceTree = "<group>";
		};
		49357C532383FEBA00F1B51B /* Frameworks */ = {
			isa = PBXGroup;
			children = (
				49357C542383FEBA00F1B51B /* MapKit.framework */,
				AEF31C689214847541284B53 /* Pods_carWash.framework */,
			);
			name = Frameworks;
			sourceTree = "<group>";
		};
		4941861423913B70005E61BC /* Review */ = {
			isa = PBXGroup;
			children = (
				4941861523913B83005E61BC /* View */,
			);
			path = Review;
			sourceTree = "<group>";
		};
		4941861523913B83005E61BC /* View */ = {
			isa = PBXGroup;
			children = (
				4941861223913B6A005E61BC /* ReviewView.swift */,
				4941861623913B8F005E61BC /* ReviewView.xib */,
				494186182391490B005E61BC /* ReviewTextView.swift */,
				4941861A23914913005E61BC /* ReviewTextView.xib */,
			);
			path = View;
			sourceTree = "<group>";
		};
		4955AB27238D28AB007D495A /* Views */ = {
			isa = PBXGroup;
			children = (
				49811CCB238C20510074FF92 /* OnboardingViewController.xib */,
				49811CCD238C205A0074FF92 /* OnboardingViewController.swift */,
				4955AB23238D18F0007D495A /* OnboardingCollectionViewCell.xib */,
				4955AB21238D18E7007D495A /* OnboardingCollectionViewCell.swift */,
				49811CCF238C2CF70074FF92 /* OnboardingConstants.swift */,
			);
			path = Views;
			sourceTree = "<group>";
		};
		4956FDCA238D42A1006D89C9 /* Login */ = {
			isa = PBXGroup;
			children = (
				4956FDCB238D42B1006D89C9 /* Views */,
				4956FDCC238D42BC006D89C9 /* LoginProtocols.swift */,
				4956FDCE238D42C8006D89C9 /* LoginPresenter.swift */,
				4956FDD0238D42D5006D89C9 /* LoginConfigurator.swift */,
				4956FDD2238D42E4006D89C9 /* LoginInteractor.swift */,
				4956FDD4238D42ED006D89C9 /* LoginRouter.swift */,
			);
			path = Login;
			sourceTree = "<group>";
		};
		4956FDCB238D42B1006D89C9 /* Views */ = {
			isa = PBXGroup;
			children = (
				4956FDD6238D42F7006D89C9 /* LoginViewController.swift */,
				4956FDD8238D42FF006D89C9 /* LoginViewController.xib */,
				4956FDDC238D64CB006D89C9 /* LoginViewConstants.swift */,
			);
			path = Views;
			sourceTree = "<group>";
		};
		4956FDDE238E7D29006D89C9 /* Payment */ = {
			isa = PBXGroup;
			children = (
				4956FDDF238E7D56006D89C9 /* Views */,
				4956FDE0238E7D60006D89C9 /* PaymentPresenter.swift */,
				4956FDE2238E7D6A006D89C9 /* PaymentProtocols.swift */,
				4956FDE4238E7D76006D89C9 /* PaymentInteractor.swift */,
				4956FDE6238E7D80006D89C9 /* PaymentRouter.swift */,
				4956FDE8238E7D91006D89C9 /* PaymentConfigurator.swift */,
			);
			path = Payment;
			sourceTree = "<group>";
		};
		4956FDDF238E7D56006D89C9 /* Views */ = {
			isa = PBXGroup;
			children = (
				4956FDEA238E7D9A006D89C9 /* PaymentViewController.swift */,
				4956FDEC238E7D9F006D89C9 /* PaymentViewController.xib */,
				4956FDF0238EAFF9006D89C9 /* PaymentTableViewCell.swift */,
				4956FDEE238EAFF1006D89C9 /* PaymentTableViewCell.xib */,
				4956FDF4238EB749006D89C9 /* PaymentTypeInfo.swift */,
			);
			path = Views;
			sourceTree = "<group>";
		};
		49599B1E237EEA9000F24EC4 = {
			isa = PBXGroup;
			children = (
				49599B29237EEA9000F24EC4 /* carWash */,
				49599B28237EEA9000F24EC4 /* Products */,
				49357C532383FEBA00F1B51B /* Frameworks */,
				C1BEE0647AC666047F445D42 /* Pods */,
			);
			sourceTree = "<group>";
		};
		49599B28237EEA9000F24EC4 /* Products */ = {
			isa = PBXGroup;
			children = (
				49599B27237EEA9000F24EC4 /* carWash.app */,
			);
			name = Products;
			sourceTree = "<group>";
		};
		49599B29237EEA9000F24EC4 /* carWash */ = {
			isa = PBXGroup;
			children = (
				492BE4DA238274D30034FB1B /* Scenes */,
				49599B2A237EEA9000F24EC4 /* AppDelegate.swift */,
				49599B2C237EEA9000F24EC4 /* SceneDelegate.swift */,
				49599B33237EEA9200F24EC4 /* Assets.xcassets */,
				492BE567238295310034FB1B /* Utils */,
				49599B35237EEA9200F24EC4 /* LaunchScreen.storyboard */,
				49599B38237EEA9200F24EC4 /* Info.plist */,
			);
			path = carWash;
			sourceTree = "<group>";
		};
		49811C9D238C01630074FF92 /* Sales */ = {
			isa = PBXGroup;
			children = (
				49811CA8238C020B0074FF92 /* Views */,
				49811C9E238C01AE0074FF92 /* SalesProtocol.swift */,
				49811CA0238C01B60074FF92 /* SalesPresenter.swift */,
				49811CA2238C01BF0074FF92 /* SalesInteractor.swift */,
				49811CA4238C01F50074FF92 /* SalesRouter.swift */,
				49811CA6238C02020074FF92 /* SalesConfigurator.swift */,
			);
			path = Sales;
			sourceTree = "<group>";
		};
		49811CA8238C020B0074FF92 /* Views */ = {
			isa = PBXGroup;
			children = (
				49811CA9238C02200074FF92 /* SalesViewController.swift */,
				49811CAB238C022D0074FF92 /* SalesViewController.xib */,
				49811CAF238C07880074FF92 /* SalesCollectionViewCell.swift */,
				49811CB1238C07980074FF92 /* SalesCollectionViewCell.xib */,
				49811CB5238C0B950074FF92 /* SalesViewConstants.swift */,
			);
			path = Views;
			sourceTree = "<group>";
		};
		49811CB7238C0E4C0074FF92 /* SaleInfo */ = {
			isa = PBXGroup;
			children = (
				49811CB8238C0E540074FF92 /* Views */,
				49811CBF238C11590074FF92 /* SaleInfoConfigurator.swift */,
				49811CBE238C11590074FF92 /* SaleInfoInteractor.swift */,
				49811CBD238C11590074FF92 /* SaleInfoPresenter.swift */,
				49811CC0238C11590074FF92 /* SaleInfoProtocol.swift */,
				49811CC1238C11590074FF92 /* SaleInfoRouter.swift */,
			);
			path = SaleInfo;
			sourceTree = "<group>";
		};
		49811CB8238C0E540074FF92 /* Views */ = {
			isa = PBXGroup;
			children = (
				49811CB9238C0E670074FF92 /* SaleInfoViewController.swift */,
				49811CBB238C0E6E0074FF92 /* SaleInfoViewController.xib */,
			);
			path = Views;
			sourceTree = "<group>";
		};
		49811CC7238C1BED0074FF92 /* NavigationBar */ = {
			isa = PBXGroup;
			children = (
				49811CC8238C1BFE0074FF92 /* NavigationBarConfigurationProtocol.swift */,
			);
			path = NavigationBar;
			sourceTree = "<group>";
		};
		49811CCA238C20440074FF92 /* Onboarding */ = {
			isa = PBXGroup;
			children = (
				4955AB27238D28AB007D495A /* Views */,
				4955AB25238D2330007D495A /* OnboardingInfo.swift */,
				4955AB28238D28BE007D495A /* OnboardingProtocols.swift */,
				4955AB2A238D28CC007D495A /* OnboardingPresenter.swift */,
				4955AB2C238D28D4007D495A /* OnboardingConfigurator.swift */,
				4955AB30238D28EE007D495A /* OnboardingRouter.swift */,
			);
			path = Onboarding;
			sourceTree = "<group>";
		};
		C1BEE0647AC666047F445D42 /* Pods */ = {
			isa = PBXGroup;
			children = (
				2A3D3BA9BC7819306987819A /* Pods-carWash.debug.xcconfig */,
				9252CA2FFB411EFE7EBB0947 /* Pods-carWash.release.xcconfig */,
			);
			path = Pods;
			sourceTree = "<group>";
		};
/* End PBXGroup section */

/* Begin PBXNativeTarget section */
		49599B26237EEA9000F24EC4 /* carWash */ = {
			isa = PBXNativeTarget;
			buildConfigurationList = 49599B3B237EEA9200F24EC4 /* Build configuration list for PBXNativeTarget "carWash" */;
			buildPhases = (
				BB62D1FC85F3B3668B51BFF6 /* [CP] Check Pods Manifest.lock */,
				49599B23237EEA9000F24EC4 /* Sources */,
				49599B24237EEA9000F24EC4 /* Frameworks */,
				49599B25237EEA9000F24EC4 /* Resources */,
				5C745B500866A0BBEBAD7AA6 /* [CP] Embed Pods Frameworks */,
			);
			buildRules = (
				49357C522383FEAA00F1B51B /* PBXBuildRule */,
			);
			dependencies = (
			);
			name = carWash;
			productName = carWash;
			productReference = 49599B27237EEA9000F24EC4 /* carWash.app */;
			productType = "com.apple.product-type.application";
		};
/* End PBXNativeTarget section */

/* Begin PBXProject section */
		49599B1F237EEA9000F24EC4 /* Project object */ = {
			isa = PBXProject;
			attributes = {
				LastSwiftUpdateCheck = 1110;
				LastUpgradeCheck = 1110;
				ORGANIZATIONNAME = VooDooLab;
				TargetAttributes = {
					49599B26237EEA9000F24EC4 = {
						CreatedOnToolsVersion = 11.1;
					};
				};
			};
			buildConfigurationList = 49599B22237EEA9000F24EC4 /* Build configuration list for PBXProject "carWash" */;
			compatibilityVersion = "Xcode 9.3";
			developmentRegion = en;
			hasScannedForEncodings = 0;
			knownRegions = (
				en,
				Base,
			);
			mainGroup = 49599B1E237EEA9000F24EC4;
			productRefGroup = 49599B28237EEA9000F24EC4 /* Products */;
			projectDirPath = "";
			projectRoot = "";
			targets = (
				49599B26237EEA9000F24EC4 /* carWash */,
			);
		};
/* End PBXProject section */

/* Begin PBXResourcesBuildPhase section */
		49599B25237EEA9000F24EC4 /* Resources */ = {
			isa = PBXResourcesBuildPhase;
			buildActionMask = 2147483647;
			files = (
				4956FDD9238D42FF006D89C9 /* LoginViewController.xib in Resources */,
				49599B37237EEA9200F24EC4 /* LaunchScreen.storyboard in Resources */,
				49367D49238FF63F00937BE6 /* WashingInfoSaleCell.xib in Resources */,
				4941861B23914913005E61BC /* ReviewTextView.xib in Resources */,
				492BE554238293AD0034FB1B /* Gilroy-UltraLight.ttf in Resources */,
				492BE54D238293AD0034FB1B /* Gilroy-MediumItalic.ttf in Resources */,
				492BE530238293AD0034FB1B /* Gilroy-SemiBold.ttf in Resources */,
				492BE531238293AD0034FB1B /* Gilroy-UltraLightItalic.ttf in Resources */,
				492BE56E2382A8D70034FB1B /* MainViewActionCell.xib in Resources */,
				4956FDF9238EC892006D89C9 /* CashbackCollectionViewCell.xib in Resources */,
				492BE550238293AD0034FB1B /* Gilroy-HeavyItalic.ttf in Resources */,
				4955AB24238D18F0007D495A /* OnboardingCollectionViewCell.xib in Resources */,
				492BE536238293AD0034FB1B /* Gilroy-ThinItalic.ttf in Resources */,
				49811CAC238C022D0074FF92 /* SalesViewController.xib in Resources */,
				492BE565238293AD0034FB1B /* Gilroy-Light.ttf in Resources */,
				492BE53A238293AD0034FB1B /* Gilroy-Regular.ttf in Resources */,
				492BE552238293AD0034FB1B /* Gilroy-RegularItalic.ttf in Resources */,
				492BE54F238293AD0034FB1B /* Gilroy-SemiBoldItalic.ttf in Resources */,
				492BE553238293AD0034FB1B /* Gilroy-Thin.ttf in Resources */,
				49357C4D2383ECEC00F1B51B /* MapViewController.xib in Resources */,
				492BE534238293AD0034FB1B /* Gilroy-BlackItalic.ttf in Resources */,
				492BE53B238293AD0034FB1B /* Gilroy-ExtraBoldItalic.ttf in Resources */,
				49811CCC238C20510074FF92 /* OnboardingViewController.xib in Resources */,
				492BE4ED2382890A0034FB1B /* MainViewController.xib in Resources */,
				492BE52F238293AD0034FB1B /* Gilroy-Heavy.ttf in Resources */,
				4956FDED238E7D9F006D89C9 /* PaymentViewController.xib in Resources */,
				492BE52D238293AD0034FB1B /* Gilroy-Bold.ttf in Resources */,
				492BE545238293AD0034FB1B /* Gilroy-BoldItalic.ttf in Resources */,
				49811C9C238BEB470074FF92 /* WashingInfoView.xib in Resources */,
				492BE52C238293AD0034FB1B /* Gilroy-Black.ttf in Resources */,
				492BE55D238293AD0034FB1B /* Gilroy-Medium.ttf in Resources */,
				4941861723913B8F005E61BC /* ReviewView.xib in Resources */,
				492BE559238293AD0034FB1B /* Gilroy-ExtraBold.ttf in Resources */,
				49599B34237EEA9200F24EC4 /* Assets.xcassets in Resources */,
				492BE539238293AD0034FB1B /* Gilroy-LightItalic.ttf in Resources */,
				49811CBC238C0E6E0074FF92 /* SaleInfoViewController.xib in Resources */,
				49811CB2238C07980074FF92 /* SalesCollectionViewCell.xib in Resources */,
				4956FDEF238EAFF1006D89C9 /* PaymentTableViewCell.xib in Resources */,
			);
			runOnlyForDeploymentPostprocessing = 0;
		};
/* End PBXResourcesBuildPhase section */

/* Begin PBXShellScriptBuildPhase section */
		5C745B500866A0BBEBAD7AA6 /* [CP] Embed Pods Frameworks */ = {
			isa = PBXShellScriptBuildPhase;
			buildActionMask = 2147483647;
			files = (
			);
			inputFileListPaths = (
				"${PODS_ROOT}/Target Support Files/Pods-carWash/Pods-carWash-frameworks-${CONFIGURATION}-input-files.xcfilelist",
			);
			name = "[CP] Embed Pods Frameworks";
			outputFileListPaths = (
				"${PODS_ROOT}/Target Support Files/Pods-carWash/Pods-carWash-frameworks-${CONFIGURATION}-output-files.xcfilelist",
			);
			runOnlyForDeploymentPostprocessing = 0;
			shellPath = /bin/sh;
			shellScript = "\"${PODS_ROOT}/Target Support Files/Pods-carWash/Pods-carWash-frameworks.sh\"\n";
			showEnvVarsInLog = 0;
		};
		BB62D1FC85F3B3668B51BFF6 /* [CP] Check Pods Manifest.lock */ = {
			isa = PBXShellScriptBuildPhase;
			buildActionMask = 2147483647;
			files = (
			);
			inputFileListPaths = (
			);
			inputPaths = (
				"${PODS_PODFILE_DIR_PATH}/Podfile.lock",
				"${PODS_ROOT}/Manifest.lock",
			);
			name = "[CP] Check Pods Manifest.lock";
			outputFileListPaths = (
			);
			outputPaths = (
				"$(DERIVED_FILE_DIR)/Pods-carWash-checkManifestLockResult.txt",
			);
			runOnlyForDeploymentPostprocessing = 0;
			shellPath = /bin/sh;
			shellScript = "diff \"${PODS_PODFILE_DIR_PATH}/Podfile.lock\" \"${PODS_ROOT}/Manifest.lock\" > /dev/null\nif [ $? != 0 ] ; then\n    # print error to STDERR\n    echo \"error: The sandbox is not in sync with the Podfile.lock. Run 'pod install' or update your CocoaPods installation.\" >&2\n    exit 1\nfi\n# This output is used by Xcode 'outputs' to avoid re-running this script phase.\necho \"SUCCESS\" > \"${SCRIPT_OUTPUT_FILE_0}\"\n";
			showEnvVarsInLog = 0;
		};
/* End PBXShellScriptBuildPhase section */

/* Begin PBXSourcesBuildPhase section */
		49599B23237EEA9000F24EC4 /* Sources */ = {
			isa = PBXSourcesBuildPhase;
			buildActionMask = 2147483647;
			files = (
				4955AB29238D28BE007D495A /* OnboardingProtocols.swift in Sources */,
				49367D47238FF63A00937BE6 /* WashingInfoSaleCell.swift in Sources */,
				49811CD0238C2CF70074FF92 /* OnboardingConstants.swift in Sources */,
				49811C9F238C01AE0074FF92 /* SalesProtocol.swift in Sources */,
				49811CA1238C01B60074FF92 /* SalesPresenter.swift in Sources */,
				49811CAE238C02800074FF92 /* UIViewController.swift in Sources */,
				49599B2B237EEA9000F24EC4 /* AppDelegate.swift in Sources */,
				4956FDDD238D64CB006D89C9 /* LoginViewConstants.swift in Sources */,
				49811CB4238C0A550074FF92 /* UIView.swift in Sources */,
				49811CC4238C11590074FF92 /* SaleInfoConfigurator.swift in Sources */,
				49811CC5238C11590074FF92 /* SaleInfoProtocol.swift in Sources */,
				4956FDD3238D42E4006D89C9 /* LoginInteractor.swift in Sources */,
				498888C823958EBD00F164D6 /* String.swift in Sources */,
				49811CA3238C01BF0074FF92 /* SalesInteractor.swift in Sources */,
				4956FDE3238E7D6A006D89C9 /* PaymentProtocols.swift in Sources */,
				4956FDF5238EB749006D89C9 /* PaymentTypeInfo.swift in Sources */,
				49357C472383ECD300F1B51B /* MapConfigurator.swift in Sources */,
				4955AB26238D2330007D495A /* OnboardingInfo.swift in Sources */,
				49811CA5238C01F50074FF92 /* SalesRouter.swift in Sources */,
				49357C3D2383EC1400F1B51B /* UIColor.swift in Sources */,
				4956FDF7238EC82F006D89C9 /* CashbackCollectionViewCell.swift in Sources */,
				4956FDCF238D42C8006D89C9 /* LoginPresenter.swift in Sources */,
				4955AB2B238D28CC007D495A /* OnboardingPresenter.swift in Sources */,
				49811CC9238C1BFE0074FF92 /* NavigationBarConfigurationProtocol.swift in Sources */,
				49357C452383ECC700F1B51B /* MapRouter.swift in Sources */,
				4941861323913B6A005E61BC /* ReviewView.swift in Sources */,
				492BE4EC238284190034FB1B /* MainConfigurator.swift in Sources */,
				4956FDE7238E7D80006D89C9 /* PaymentRouter.swift in Sources */,
				49811CC6238C11590074FF92 /* SaleInfoRouter.swift in Sources */,
				49599B2D237EEA9000F24EC4 /* SceneDelegate.swift in Sources */,
				49357C492383ECDB00F1B51B /* MapPresenter.swift in Sources */,
				49811CBA238C0E670074FF92 /* SaleInfoViewController.swift in Sources */,
				4956FDF1238EAFF9006D89C9 /* PaymentTableViewCell.swift in Sources */,
				4955AB31238D28EE007D495A /* OnboardingRouter.swift in Sources */,
				49811CA7238C02020074FF92 /* SalesConfigurator.swift in Sources */,
				4956FDE9238E7D91006D89C9 /* PaymentConfigurator.swift in Sources */,
				492BE56C2382A8CA0034FB1B /* MainViewActionCell.swift in Sources */,
				494186192391490B005E61BC /* ReviewTextView.swift in Sources */,
				4956FDCD238D42BC006D89C9 /* LoginProtocols.swift in Sources */,
				4956FDD5238D42ED006D89C9 /* LoginRouter.swift in Sources */,
				49811CAA238C02200074FF92 /* SalesViewController.swift in Sources */,
				4956FDE1238E7D60006D89C9 /* PaymentPresenter.swift in Sources */,
				4956FDD7238D42F7006D89C9 /* LoginViewController.swift in Sources */,
				4956FDDB238D5C94006D89C9 /* UITextField.swift in Sources */,
				49357C432383ECC000F1B51B /* MapInteractor.swift in Sources */,
				4956FDEB238E7D9A006D89C9 /* PaymentViewController.swift in Sources */,
				49357C3B2383E83A00F1B51B /* MainTabBarController.swift in Sources */,
				4956FDD1238D42D5006D89C9 /* LoginConfigurator.swift in Sources */,
				49811CCE238C205A0074FF92 /* OnboardingViewController.swift in Sources */,
				49357C412383ECB700F1B51B /* MapProtocols.swift in Sources */,
				492BE4DD2382761B0034FB1B /* MainProtocol.swift in Sources */,
				4955AB22238D18E7007D495A /* OnboardingCollectionViewCell.swift in Sources */,
				492BE4E1238276310034FB1B /* MainInteractor.swift in Sources */,
				49357C4B2383ECE700F1B51B /* MapViewController.swift in Sources */,
				49811CB0238C07880074FF92 /* SalesCollectionViewCell.swift in Sources */,
				49811C98238BDD280074FF92 /* MainSceneConstants.swift in Sources */,
				492BE4DF238276240034FB1B /* MainPresenter.swift in Sources */,
				49811C9A238BEB160074FF92 /* WashingInfoView.swift in Sources */,
				4955AB2D238D28D4007D495A /* OnboardingConfigurator.swift in Sources */,
				49811CC2238C11590074FF92 /* SaleInfoPresenter.swift in Sources */,
				49811CC3238C11590074FF92 /* SaleInfoInteractor.swift in Sources */,
				4956FDE5238E7D76006D89C9 /* PaymentInteractor.swift in Sources */,
				49811CB6238C0B950074FF92 /* SalesViewConstants.swift in Sources */,
				492BE4E32382763D0034FB1B /* MainRouter.swift in Sources */,
				492BE56A238295520034FB1B /* IBDesignable UIView.swift in Sources */,
				492BE4E82382765B0034FB1B /* MainViewController.swift in Sources */,
			);
			runOnlyForDeploymentPostprocessing = 0;
		};
/* End PBXSourcesBuildPhase section */

/* Begin PBXVariantGroup section */
		49599B35237EEA9200F24EC4 /* LaunchScreen.storyboard */ = {
			isa = PBXVariantGroup;
			children = (
				49599B36237EEA9200F24EC4 /* Base */,
			);
			name = LaunchScreen.storyboard;
			sourceTree = "<group>";
		};
/* End PBXVariantGroup section */

/* Begin XCBuildConfiguration section */
		49599B39237EEA9200F24EC4 /* Debug */ = {
			isa = XCBuildConfiguration;
			buildSettings = {
				ALWAYS_SEARCH_USER_PATHS = NO;
				CLANG_ANALYZER_NONNULL = YES;
				CLANG_ANALYZER_NUMBER_OBJECT_CONVERSION = YES_AGGRESSIVE;
				CLANG_CXX_LANGUAGE_STANDARD = "gnu++14";
				CLANG_CXX_LIBRARY = "libc++";
				CLANG_ENABLE_MODULES = YES;
				CLANG_ENABLE_OBJC_ARC = YES;
				CLANG_ENABLE_OBJC_WEAK = YES;
				CLANG_WARN_BLOCK_CAPTURE_AUTORELEASING = YES;
				CLANG_WARN_BOOL_CONVERSION = YES;
				CLANG_WARN_COMMA = YES;
				CLANG_WARN_CONSTANT_CONVERSION = YES;
				CLANG_WARN_DEPRECATED_OBJC_IMPLEMENTATIONS = YES;
				CLANG_WARN_DIRECT_OBJC_ISA_USAGE = YES_ERROR;
				CLANG_WARN_DOCUMENTATION_COMMENTS = YES;
				CLANG_WARN_EMPTY_BODY = YES;
				CLANG_WARN_ENUM_CONVERSION = YES;
				CLANG_WARN_INFINITE_RECURSION = YES;
				CLANG_WARN_INT_CONVERSION = YES;
				CLANG_WARN_NON_LITERAL_NULL_CONVERSION = YES;
				CLANG_WARN_OBJC_IMPLICIT_RETAIN_SELF = YES;
				CLANG_WARN_OBJC_LITERAL_CONVERSION = YES;
				CLANG_WARN_OBJC_ROOT_CLASS = YES_ERROR;
				CLANG_WARN_RANGE_LOOP_ANALYSIS = YES;
				CLANG_WARN_STRICT_PROTOTYPES = YES;
				CLANG_WARN_SUSPICIOUS_MOVE = YES;
				CLANG_WARN_UNGUARDED_AVAILABILITY = YES_AGGRESSIVE;
				CLANG_WARN_UNREACHABLE_CODE = YES;
				CLANG_WARN__DUPLICATE_METHOD_MATCH = YES;
				COPY_PHASE_STRIP = NO;
				DEBUG_INFORMATION_FORMAT = dwarf;
				ENABLE_STRICT_OBJC_MSGSEND = YES;
				ENABLE_TESTABILITY = YES;
				GCC_C_LANGUAGE_STANDARD = gnu11;
				GCC_DYNAMIC_NO_PIC = NO;
				GCC_NO_COMMON_BLOCKS = YES;
				GCC_OPTIMIZATION_LEVEL = 0;
				GCC_PREPROCESSOR_DEFINITIONS = (
					"DEBUG=1",
					"$(inherited)",
				);
				GCC_WARN_64_TO_32_BIT_CONVERSION = YES;
				GCC_WARN_ABOUT_RETURN_TYPE = YES_ERROR;
				GCC_WARN_UNDECLARED_SELECTOR = YES;
				GCC_WARN_UNINITIALIZED_AUTOS = YES_AGGRESSIVE;
				GCC_WARN_UNUSED_FUNCTION = YES;
				GCC_WARN_UNUSED_VARIABLE = YES;
				IPHONEOS_DEPLOYMENT_TARGET = 13.1;
				MTL_ENABLE_DEBUG_INFO = INCLUDE_SOURCE;
				MTL_FAST_MATH = YES;
				ONLY_ACTIVE_ARCH = YES;
				SDKROOT = iphoneos;
				SWIFT_ACTIVE_COMPILATION_CONDITIONS = DEBUG;
				SWIFT_OPTIMIZATION_LEVEL = "-Onone";
			};
			name = Debug;
		};
		49599B3A237EEA9200F24EC4 /* Release */ = {
			isa = XCBuildConfiguration;
			buildSettings = {
				ALWAYS_SEARCH_USER_PATHS = NO;
				CLANG_ANALYZER_NONNULL = YES;
				CLANG_ANALYZER_NUMBER_OBJECT_CONVERSION = YES_AGGRESSIVE;
				CLANG_CXX_LANGUAGE_STANDARD = "gnu++14";
				CLANG_CXX_LIBRARY = "libc++";
				CLANG_ENABLE_MODULES = YES;
				CLANG_ENABLE_OBJC_ARC = YES;
				CLANG_ENABLE_OBJC_WEAK = YES;
				CLANG_WARN_BLOCK_CAPTURE_AUTORELEASING = YES;
				CLANG_WARN_BOOL_CONVERSION = YES;
				CLANG_WARN_COMMA = YES;
				CLANG_WARN_CONSTANT_CONVERSION = YES;
				CLANG_WARN_DEPRECATED_OBJC_IMPLEMENTATIONS = YES;
				CLANG_WARN_DIRECT_OBJC_ISA_USAGE = YES_ERROR;
				CLANG_WARN_DOCUMENTATION_COMMENTS = YES;
				CLANG_WARN_EMPTY_BODY = YES;
				CLANG_WARN_ENUM_CONVERSION = YES;
				CLANG_WARN_INFINITE_RECURSION = YES;
				CLANG_WARN_INT_CONVERSION = YES;
				CLANG_WARN_NON_LITERAL_NULL_CONVERSION = YES;
				CLANG_WARN_OBJC_IMPLICIT_RETAIN_SELF = YES;
				CLANG_WARN_OBJC_LITERAL_CONVERSION = YES;
				CLANG_WARN_OBJC_ROOT_CLASS = YES_ERROR;
				CLANG_WARN_RANGE_LOOP_ANALYSIS = YES;
				CLANG_WARN_STRICT_PROTOTYPES = YES;
				CLANG_WARN_SUSPICIOUS_MOVE = YES;
				CLANG_WARN_UNGUARDED_AVAILABILITY = YES_AGGRESSIVE;
				CLANG_WARN_UNREACHABLE_CODE = YES;
				CLANG_WARN__DUPLICATE_METHOD_MATCH = YES;
				COPY_PHASE_STRIP = NO;
				DEBUG_INFORMATION_FORMAT = "dwarf-with-dsym";
				ENABLE_NS_ASSERTIONS = NO;
				ENABLE_STRICT_OBJC_MSGSEND = YES;
				GCC_C_LANGUAGE_STANDARD = gnu11;
				GCC_NO_COMMON_BLOCKS = YES;
				GCC_WARN_64_TO_32_BIT_CONVERSION = YES;
				GCC_WARN_ABOUT_RETURN_TYPE = YES_ERROR;
				GCC_WARN_UNDECLARED_SELECTOR = YES;
				GCC_WARN_UNINITIALIZED_AUTOS = YES_AGGRESSIVE;
				GCC_WARN_UNUSED_FUNCTION = YES;
				GCC_WARN_UNUSED_VARIABLE = YES;
				IPHONEOS_DEPLOYMENT_TARGET = 13.1;
				MTL_ENABLE_DEBUG_INFO = NO;
				MTL_FAST_MATH = YES;
				SDKROOT = iphoneos;
				SWIFT_COMPILATION_MODE = wholemodule;
				SWIFT_OPTIMIZATION_LEVEL = "-O";
				VALIDATE_PRODUCT = YES;
			};
			name = Release;
		};
		49599B3C237EEA9200F24EC4 /* Debug */ = {
			isa = XCBuildConfiguration;
			baseConfigurationReference = 2A3D3BA9BC7819306987819A /* Pods-carWash.debug.xcconfig */;
			buildSettings = {
				ASSETCATALOG_COMPILER_APPICON_NAME = AppIcon;
				CODE_SIGN_STYLE = Automatic;
				DEVELOPMENT_TEAM = W89PGV58R6;
				INFOPLIST_FILE = carWash/Info.plist;
				IPHONEOS_DEPLOYMENT_TARGET = 10.0;
				LD_RUNPATH_SEARCH_PATHS = (
					"$(inherited)",
					"@executable_path/Frameworks",
				);
				PRODUCT_BUNDLE_IDENTIFIER = voodoolab.carWash;
				PRODUCT_NAME = "$(TARGET_NAME)";
				SWIFT_VERSION = 5.0;
				TARGETED_DEVICE_FAMILY = "1,2";
			};
			name = Debug;
		};
		49599B3D237EEA9200F24EC4 /* Release */ = {
			isa = XCBuildConfiguration;
			baseConfigurationReference = 9252CA2FFB411EFE7EBB0947 /* Pods-carWash.release.xcconfig */;
			buildSettings = {
				ASSETCATALOG_COMPILER_APPICON_NAME = AppIcon;
				CODE_SIGN_STYLE = Automatic;
				DEVELOPMENT_TEAM = W89PGV58R6;
				INFOPLIST_FILE = carWash/Info.plist;
				IPHONEOS_DEPLOYMENT_TARGET = 10.0;
				LD_RUNPATH_SEARCH_PATHS = (
					"$(inherited)",
					"@executable_path/Frameworks",
				);
				PRODUCT_BUNDLE_IDENTIFIER = voodoolab.carWash;
				PRODUCT_NAME = "$(TARGET_NAME)";
				SWIFT_VERSION = 5.0;
				TARGETED_DEVICE_FAMILY = "1,2";
			};
			name = Release;
		};
/* End XCBuildConfiguration section */

/* Begin XCConfigurationList section */
		49599B22237EEA9000F24EC4 /* Build configuration list for PBXProject "carWash" */ = {
			isa = XCConfigurationList;
			buildConfigurations = (
				49599B39237EEA9200F24EC4 /* Debug */,
				49599B3A237EEA9200F24EC4 /* Release */,
			);
			defaultConfigurationIsVisible = 0;
			defaultConfigurationName = Release;
		};
		49599B3B237EEA9200F24EC4 /* Build configuration list for PBXNativeTarget "carWash" */ = {
			isa = XCConfigurationList;
			buildConfigurations = (
				49599B3C237EEA9200F24EC4 /* Debug */,
				49599B3D237EEA9200F24EC4 /* Release */,
			);
			defaultConfigurationIsVisible = 0;
			defaultConfigurationName = Release;
		};
/* End XCConfigurationList section */
	};
	rootObject = 49599B1F237EEA9000F24EC4 /* Project object */;
}
